
Microsoft Visual Studio Solution File, Format Version 12.00
# Visual Studio 15
VisualStudioVersion = 15.0.27703.2042
MinimumVisualStudioVersion = 10.0.40219.1
Project("{9A19103F-16F7-4668-BE54-9A1E7A4F7556}") = "Mono.ApiTools.NuGetComparer", "Mono.ApiTools.NuGetComparer\Mono.ApiTools.NuGetComparer.csproj", "{5B6A29EF-48A1-41F5-8EF2-351830816FCD}"
EndProject
Project("{9A19103F-16F7-4668-BE54-9A1E7A4F7556}") = "Mono.ApiTools.NuGetComparer.Tests", "Mono.ApiTools.NuGetComparer.Tests\Mono.ApiTools.NuGetComparer.Tests.csproj", "{6F1EAD5A-DC43-4EDA-A262-C909AB242883}"
EndProject
Project("{9A19103F-16F7-4668-BE54-9A1E7A4F7556}") = "Mono.ApiTools.ApiInfo", "Mono.ApiTools.ApiInfo\Mono.ApiTools.ApiInfo.csproj", "{8C79B11C-3767-43D5-A929-11D823F96643}"
EndProject
Project("{9A19103F-16F7-4668-BE54-9A1E7A4F7556}") = "Mono.ApiTools.ApiDiff", "Mono.ApiTools.ApiDiff\Mono.ApiTools.ApiDiff.csproj", "{DDA48E55-4944-458F-8EB3-919566ED982D}"
EndProject
Project("{9A19103F-16F7-4668-BE54-9A1E7A4F7556}") = "Mono.ApiTools.ApiDiffFormatted", "Mono.ApiTools.ApiDiffFormatted\Mono.ApiTools.ApiDiffFormatted.csproj", "{1E6B9764-BDE6-49CB-AB87-0DA365B3526D}"
EndProject
Global
	GlobalSection(SolutionConfigurationPlatforms) = preSolution
		Debug|Any CPU = Debug|Any CPU
		Release|Any CPU = Release|Any CPU
	EndGlobalSection
	GlobalSection(ProjectConfigurationPlatforms) = postSolution
		{5B6A29EF-48A1-41F5-8EF2-351830816FCD}.Debug|Any CPU.ActiveCfg = Debug|Any CPU
		{5B6A29EF-48A1-41F5-8EF2-351830816FCD}.Debug|Any CPU.Build.0 = Debug|Any CPU
		{5B6A29EF-48A1-41F5-8EF2-351830816FCD}.Release|Any CPU.ActiveCfg = Release|Any CPU
		{5B6A29EF-48A1-41F5-8EF2-351830816FCD}.Release|Any CPU.Build.0 = Release|Any CPU
		{6F1EAD5A-DC43-4EDA-A262-C909AB242883}.Debug|Any CPU.ActiveCfg = Debug|Any CPU
		{6F1EAD5A-DC43-4EDA-A262-C909AB242883}.Debug|Any CPU.Build.0 = Debug|Any CPU
		{6F1EAD5A-DC43-4EDA-A262-C909AB242883}.Release|Any CPU.ActiveCfg = Release|Any CPU
		{6F1EAD5A-DC43-4EDA-A262-C909AB242883}.Release|Any CPU.Build.0 = Release|Any CPU
		{8C79B11C-3767-43D5-A929-11D823F96643}.Debug|Any CPU.ActiveCfg = Debug|Any CPU
		{8C79B11C-3767-43D5-A929-11D823F96643}.Debug|Any CPU.Build.0 = Debug|Any CPU
		{8C79B11C-3767-43D5-A929-11D823F96643}.Release|Any CPU.ActiveCfg = Release|Any CPU
		{8C79B11C-3767-43D5-A929-11D823F96643}.Release|Any CPU.Build.0 = Release|Any CPU
		{DDA48E55-4944-458F-8EB3-919566ED982D}.Debug|Any CPU.ActiveCfg = Debug|Any CPU
		{DDA48E55-4944-458F-8EB3-919566ED982D}.Debug|Any CPU.Build.0 = Debug|Any CPU
		{DDA48E55-4944-458F-8EB3-919566ED982D}.Release|Any CPU.ActiveCfg = Release|Any CPU
		{DDA48E55-4944-458F-8EB3-919566ED982D}.Release|Any CPU.Build.0 = Release|Any CPU
		{1E6B9764-BDE6-49CB-AB87-0DA365B3526D}.Debug|Any CPU.ActiveCfg = Debug|Any CPU
		{1E6B9764-BDE6-49CB-AB87-0DA365B3526D}.Debug|Any CPU.Build.0 = Debug|Any CPU
		{1E6B9764-BDE6-49CB-AB87-0DA365B3526D}.Release|Any CPU.ActiveCfg = Release|Any CPU
		{1E6B9764-BDE6-49CB-AB87-0DA365B3526D}.Release|Any CPU.Build.0 = Release|Any CPU
	EndGlobalSection
	GlobalSection(SolutionProperties) = preSolution
		HideSolutionNode = FALSE
	EndGlobalSection
	GlobalSection(ExtensibilityGlobals) = postSolution
		SolutionGuid = {202E2AB6-B950-477C-A13A-31122B83C482}
	EndGlobalSection
EndGlobal
